// !$*UTF8*$!
{
	archiveVersion = 1;
	classes = {
	};
	objectVersion = 46;
	objects = {

/* Begin PBXBuildFile section */
		752328681EA23C7700A02BF0 /* UserViewController.swift in Sources */ = {isa = PBXBuildFile; fileRef = 752328671EA23C7700A02BF0 /* UserViewController.swift */; };
		752A055A1E9DC9E100962290 /* AppDelegate.swift in Sources */ = {isa = PBXBuildFile; fileRef = 752A05591E9DC9E100962290 /* AppDelegate.swift */; };
		752A055C1E9DC9E100962290 /* ViewController.swift in Sources */ = {isa = PBXBuildFile; fileRef = 752A055B1E9DC9E100962290 /* ViewController.swift */; };
		752A055F1E9DC9E100962290 /* Main.storyboard in Resources */ = {isa = PBXBuildFile; fileRef = 752A055D1E9DC9E100962290 /* Main.storyboard */; };
		752A05621E9DC9E100962290 /* OurCommunity.xcdatamodeld in Sources */ = {isa = PBXBuildFile; fileRef = 752A05601E9DC9E100962290 /* OurCommunity.xcdatamodeld */; };
		752A05641E9DC9E100962290 /* Assets.xcassets in Resources */ = {isa = PBXBuildFile; fileRef = 752A05631E9DC9E100962290 /* Assets.xcassets */; };
		752A05671E9DC9E100962290 /* LaunchScreen.storyboard in Resources */ = {isa = PBXBuildFile; fileRef = 752A05651E9DC9E100962290 /* LaunchScreen.storyboard */; };
		754F22AD1EA6EABE00E7B9BB /* UserNotifications.framework in Frameworks */ = {isa = PBXBuildFile; fileRef = 754F22AC1EA6EABE00E7B9BB /* UserNotifications.framework */; };
		75B946421E9F14F400201ABA /* FBSDKCoreKit.framework in Frameworks */ = {isa = PBXBuildFile; fileRef = 75B946411E9F14F400201ABA /* FBSDKCoreKit.framework */; };
		75B946441E9F14FF00201ABA /* FBSDKLoginKit.framework in Frameworks */ = {isa = PBXBuildFile; fileRef = 75B946431E9F14FF00201ABA /* FBSDKLoginKit.framework */; };
		75B946461E9F152500201ABA /* Bolts.framework in Frameworks */ = {isa = PBXBuildFile; fileRef = 75B946451E9F152500201ABA /* Bolts.framework */; };
		75B946481E9F153D00201ABA /* FBSDKShareKit.framework in Frameworks */ = {isa = PBXBuildFile; fileRef = 75B946471E9F153D00201ABA /* FBSDKShareKit.framework */; };
		75BAA3661E9FCCA900F82378 /* Helper.swift in Sources */ = {isa = PBXBuildFile; fileRef = 75BAA3651E9FCCA900F82378 /* Helper.swift */; };
		75C1AFCB1EA6606500EB1AE9 /* MapKit.framework in Frameworks */ = {isa = PBXBuildFile; fileRef = 75C1AFCA1EA6606500EB1AE9 /* MapKit.framework */; };
		75E1784C1EA16F120051F16C /* GoogleService-Info.plist in Resources */ = {isa = PBXBuildFile; fileRef = 75E1784B1EA16F120051F16C /* GoogleService-Info.plist */; };
		DB305B55D1162CF075A8C94B /* Pods_OurCommunity.framework in Frameworks */ = {isa = PBXBuildFile; fileRef = 44BEF95C88EF1E3B762BC796 /* Pods_OurCommunity.framework */; };
/* End PBXBuildFile section */

/* Begin PBXFileReference section */
		21294F023C7E16A93837404E /* Pods-OurCommunity.debug.xcconfig */ = {isa = PBXFileReference; includeInIndex = 1; lastKnownFileType = text.xcconfig; name = "Pods-OurCommunity.debug.xcconfig"; path = "Pods/Target Support Files/Pods-OurCommunity/Pods-OurCommunity.debug.xcconfig"; sourceTree = "<group>"; };
		44BEF95C88EF1E3B762BC796 /* Pods_OurCommunity.framework */ = {isa = PBXFileReference; explicitFileType = wrapper.framework; includeInIndex = 0; path = Pods_OurCommunity.framework; sourceTree = BUILT_PRODUCTS_DIR; };
		752328671EA23C7700A02BF0 /* UserViewController.swift */ = {isa = PBXFileReference; fileEncoding = 4; lastKnownFileType = sourcecode.swift; path = UserViewController.swift; sourceTree = "<group>"; };
		752A05561E9DC9E100962290 /* OurCommunity.app */ = {isa = PBXFileReference; explicitFileType = wrapper.application; includeInIndex = 0; path = OurCommunity.app; sourceTree = BUILT_PRODUCTS_DIR; };
		752A05591E9DC9E100962290 /* AppDelegate.swift */ = {isa = PBXFileReference; lastKnownFileType = sourcecode.swift; path = AppDelegate.swift; sourceTree = "<group>"; };
		752A055B1E9DC9E100962290 /* ViewController.swift */ = {isa = PBXFileReference; lastKnownFileType = sourcecode.swift; path = ViewController.swift; sourceTree = "<group>"; };
		752A055E1E9DC9E100962290 /* Base */ = {isa = PBXFileReference; lastKnownFileType = file.storyboard; name = Base; path = Base.lproj/Main.storyboard; sourceTree = "<group>"; };
		752A05611E9DC9E100962290 /* OurCommunity.xcdatamodel */ = {isa = PBXFileReference; lastKnownFileType = wrapper.xcdatamodel; path = OurCommunity.xcdatamodel; sourceTree = "<group>"; };
		752A05631E9DC9E100962290 /* Assets.xcassets */ = {isa = PBXFileReference; lastKnownFileType = folder.assetcatalog; path = Assets.xcassets; sourceTree = "<group>"; };
		752A05661E9DC9E100962290 /* Base */ = {isa = PBXFileReference; lastKnownFileType = file.storyboard; name = Base; path = Base.lproj/LaunchScreen.storyboard; sourceTree = "<group>"; };
		752A05681E9DC9E100962290 /* Info.plist */ = {isa = PBXFileReference; lastKnownFileType = text.plist.xml; path = Info.plist; sourceTree = "<group>"; };
		75383AF21EA02A3B00B00CA9 /* OurCommunity.entitlements */ = {isa = PBXFileReference; lastKnownFileType = text.plist.entitlements; path = OurCommunity.entitlements; sourceTree = "<group>"; };
		754F22AC1EA6EABE00E7B9BB /* UserNotifications.framework */ = {isa = PBXFileReference; lastKnownFileType = wrapper.framework; name = UserNotifications.framework; path = System/Library/Frameworks/UserNotifications.framework; sourceTree = SDKROOT; };
		75B946411E9F14F400201ABA /* FBSDKCoreKit.framework */ = {isa = PBXFileReference; lastKnownFileType = wrapper.framework; path = FBSDKCoreKit.framework; sourceTree = "<group>"; };
		75B946431E9F14FF00201ABA /* FBSDKLoginKit.framework */ = {isa = PBXFileReference; lastKnownFileType = wrapper.framework; path = FBSDKLoginKit.framework; sourceTree = "<group>"; };
		75B946451E9F152500201ABA /* Bolts.framework */ = {isa = PBXFileReference; lastKnownFileType = wrapper.framework; path = Bolts.framework; sourceTree = "<group>"; };
		75B946471E9F153D00201ABA /* FBSDKShareKit.framework */ = {isa = PBXFileReference; lastKnownFileType = wrapper.framework; path = FBSDKShareKit.framework; sourceTree = "<group>"; };
		75BAA3651E9FCCA900F82378 /* Helper.swift */ = {isa = PBXFileReference; fileEncoding = 4; lastKnownFileType = sourcecode.swift; path = Helper.swift; sourceTree = "<group>"; };
		75C1AFCA1EA6606500EB1AE9 /* MapKit.framework */ = {isa = PBXFileReference; lastKnownFileType = wrapper.framework; name = MapKit.framework; path = System/Library/Frameworks/MapKit.framework; sourceTree = SDKROOT; };
		75E1784B1EA16F120051F16C /* GoogleService-Info.plist */ = {isa = PBXFileReference; fileEncoding = 4; lastKnownFileType = text.plist.xml; path = "GoogleService-Info.plist"; sourceTree = "<group>"; };
		75FF493D1EA0EFBD00BFFF9F /* OurCommunity-Bridging-Header.h */ = {isa = PBXFileReference; lastKnownFileType = sourcecode.c.h; path = "OurCommunity-Bridging-Header.h"; sourceTree = "<group>"; };
		F4F800D3635E91481784309C /* Pods-OurCommunity.release.xcconfig */ = {isa = PBXFileReference; includeInIndex = 1; lastKnownFileType = text.xcconfig; name = "Pods-OurCommunity.release.xcconfig"; path = "Pods/Target Support Files/Pods-OurCommunity/Pods-OurCommunity.release.xcconfig"; sourceTree = "<group>"; };
/* End PBXFileReference section */

/* Begin PBXFrameworksBuildPhase section */
		752A05531E9DC9E100962290 /* Frameworks */ = {
			isa = PBXFrameworksBuildPhase;
			buildActionMask = 2147483647;
			files = (
				754F22AD1EA6EABE00E7B9BB /* UserNotifications.framework in Frameworks */,
				75B946481E9F153D00201ABA /* FBSDKShareKit.framework in Frameworks */,
				75B946461E9F152500201ABA /* Bolts.framework in Frameworks */,
				75B946441E9F14FF00201ABA /* FBSDKLoginKit.framework in Frameworks */,
				75B946421E9F14F400201ABA /* FBSDKCoreKit.framework in Frameworks */,
				75C1AFCB1EA6606500EB1AE9 /* MapKit.framework in Frameworks */,
				DB305B55D1162CF075A8C94B /* Pods_OurCommunity.framework in Frameworks */,
			);
			runOnlyForDeploymentPostprocessing = 0;
		};
/* End PBXFrameworksBuildPhase section */

/* Begin PBXGroup section */
		29BB08CCFE26CB2D0C488729 /* Frameworks */ = {
			isa = PBXGroup;
			children = (
				754F22AC1EA6EABE00E7B9BB /* UserNotifications.framework */,
				75C1AFCA1EA6606500EB1AE9 /* MapKit.framework */,
				44BEF95C88EF1E3B762BC796 /* Pods_OurCommunity.framework */,
			);
			name = Frameworks;
			sourceTree = "<group>";
		};
		752A054D1E9DC9E100962290 = {
			isa = PBXGroup;
			children = (
				75B946401E9F14D000201ABA /* Framework */,
				752A05581E9DC9E100962290 /* OurCommunity */,
				752A05571E9DC9E100962290 /* Products */,
				E5AF4E4DC71EC8A56F266285 /* Pods */,
				29BB08CCFE26CB2D0C488729 /* Frameworks */,
			);
			sourceTree = "<group>";
		};
		752A05571E9DC9E100962290 /* Products */ = {
			isa = PBXGroup;
			children = (
				752A05561E9DC9E100962290 /* OurCommunity.app */,
			);
			name = Products;
			sourceTree = "<group>";
		};
		752A05581E9DC9E100962290 /* OurCommunity */ = {
			isa = PBXGroup;
			children = (
				75383AF21EA02A3B00B00CA9 /* OurCommunity.entitlements */,
				752A05591E9DC9E100962290 /* AppDelegate.swift */,
				752A055B1E9DC9E100962290 /* ViewController.swift */,
				75BAA3651E9FCCA900F82378 /* Helper.swift */,
				752A055D1E9DC9E100962290 /* Main.storyboard */,
				752328671EA23C7700A02BF0 /* UserViewController.swift */,
				752A05631E9DC9E100962290 /* Assets.xcassets */,
				752A05651E9DC9E100962290 /* LaunchScreen.storyboard */,
				752A05681E9DC9E100962290 /* Info.plist */,
				75E1784B1EA16F120051F16C /* GoogleService-Info.plist */,
				752A05601E9DC9E100962290 /* OurCommunity.xcdatamodeld */,
				75FF493D1EA0EFBD00BFFF9F /* OurCommunity-Bridging-Header.h */,
			);
			path = OurCommunity;
			sourceTree = "<group>";
		};
		75B946401E9F14D000201ABA /* Framework */ = {
			isa = PBXGroup;
			children = (
				75B946471E9F153D00201ABA /* FBSDKShareKit.framework */,
				75B946451E9F152500201ABA /* Bolts.framework */,
				75B946431E9F14FF00201ABA /* FBSDKLoginKit.framework */,
				75B946411E9F14F400201ABA /* FBSDKCoreKit.framework */,
			);
			name = Framework;
			sourceTree = "<group>";
		};
		E5AF4E4DC71EC8A56F266285 /* Pods */ = {
			isa = PBXGroup;
			children = (
				21294F023C7E16A93837404E /* Pods-OurCommunity.debug.xcconfig */,
				F4F800D3635E91481784309C /* Pods-OurCommunity.release.xcconfig */,
			);
			name = Pods;
			sourceTree = "<group>";
		};
/* End PBXGroup section */

/* Begin PBXNativeTarget section */
		752A05551E9DC9E100962290 /* OurCommunity */ = {
			isa = PBXNativeTarget;
			buildConfigurationList = 752A056B1E9DC9E100962290 /* Build configuration list for PBXNativeTarget "OurCommunity" */;
			buildPhases = (
				7CF5B026BA052D57E0812C5A /* 📦 Check Pods Manifest.lock */,
				752A05521E9DC9E100962290 /* Sources */,
				752A05531E9DC9E100962290 /* Frameworks */,
				752A05541E9DC9E100962290 /* Resources */,
				15CC3B08D18EFD7EC8487578 /* 📦 Embed Pods Frameworks */,
				02064F1B0ED39E29714FCFFD /* 📦 Copy Pods Resources */,
			);
			buildRules = (
			);
			dependencies = (
			);
			name = OurCommunity;
			productName = OurCommunity;
			productReference = 752A05561E9DC9E100962290 /* OurCommunity.app */;
			productType = "com.apple.product-type.application";
		};
/* End PBXNativeTarget section */

/* Begin PBXProject section */
		752A054E1E9DC9E100962290 /* Project object */ = {
			isa = PBXProject;
			attributes = {
				LastSwiftUpdateCheck = 0820;
				LastUpgradeCheck = 0820;
				ORGANIZATIONNAME = tokkalo.com;
				TargetAttributes = {
					752A05551E9DC9E100962290 = {
						CreatedOnToolsVersion = 8.2.1;
						DevelopmentTeam = CD7MJQYH5P;
						LastSwiftMigration = 0830;
						ProvisioningStyle = Automatic;
						SystemCapabilities = {
							com.apple.BackgroundModes = {
								enabled = 1;
							};
							com.apple.Keychain = {
								enabled = 1;
							};
							com.apple.Maps.iOS = {
								enabled = 1;
							};
							com.apple.Push = {
								enabled = 1;
							};
						};
					};
				};
			};
			buildConfigurationList = 752A05511E9DC9E100962290 /* Build configuration list for PBXProject "OurCommunity" */;
			compatibilityVersion = "Xcode 3.2";
			developmentRegion = English;
			hasScannedForEncodings = 0;
			knownRegions = (
				en,
				Base,
			);
			mainGroup = 752A054D1E9DC9E100962290;
			productRefGroup = 752A05571E9DC9E100962290 /* Products */;
			projectDirPath = "";
			projectRoot = "";
			targets = (
				752A05551E9DC9E100962290 /* OurCommunity */,
			);
		};
/* End PBXProject section */

/* Begin PBXResourcesBuildPhase section */
		752A05541E9DC9E100962290 /* Resources */ = {
			isa = PBXResourcesBuildPhase;
			buildActionMask = 2147483647;
			files = (
				752A05671E9DC9E100962290 /* LaunchScreen.storyboard in Resources */,
				75E1784C1EA16F120051F16C /* GoogleService-Info.plist in Resources */,
				752A05641E9DC9E100962290 /* Assets.xcassets in Resources */,
				752A055F1E9DC9E100962290 /* Main.storyboard in Resources */,
			);
			runOnlyForDeploymentPostprocessing = 0;
		};
/* End PBXResourcesBuildPhase section */

/* Begin PBXShellScriptBuildPhase section */
		02064F1B0ED39E29714FCFFD /* 📦 Copy Pods Resources */ = {
			isa = PBXShellScriptBuildPhase;
			buildActionMask = 2147483647;
			files = (
			);
			inputPaths = (
			);
			name = "📦 Copy Pods Resources";
			outputPaths = (
			);
			runOnlyForDeploymentPostprocessing = 0;
			shellPath = /bin/sh;
			shellScript = "\"${SRCROOT}/Pods/Target Support Files/Pods-OurCommunity/Pods-OurCommunity-resources.sh\"\n";
			showEnvVarsInLog = 0;
		};
		15CC3B08D18EFD7EC8487578 /* 📦 Embed Pods Frameworks */ = {
			isa = PBXShellScriptBuildPhase;
			buildActionMask = 2147483647;
			files = (
			);
			inputPaths = (
			);
			name = "📦 Embed Pods Frameworks";
			outputPaths = (
			);
			runOnlyForDeploymentPostprocessing = 0;
			shellPath = /bin/sh;
			shellScript = "\"${SRCROOT}/Pods/Target Support Files/Pods-OurCommunity/Pods-OurCommunity-frameworks.sh\"\n";
			showEnvVarsInLog = 0;
		};
		7CF5B026BA052D57E0812C5A /* 📦 Check Pods Manifest.lock */ = {
			isa = PBXShellScriptBuildPhase;
			buildActionMask = 2147483647;
			files = (
			);
			inputPaths = (
			);
			name = "📦 Check Pods Manifest.lock";
			outputPaths = (
			);
			runOnlyForDeploymentPostprocessing = 0;
			shellPath = /bin/sh;
			shellScript = "diff \"${PODS_ROOT}/../Podfile.lock\" \"${PODS_ROOT}/Manifest.lock\" > /dev/null\nif [[ $? != 0 ]] ; then\n    cat << EOM\nerror: The sandbox is not in sync with the Podfile.lock. Run 'pod install' or update your CocoaPods installation.\nEOM\n    exit 1\nfi\n";
			showEnvVarsInLog = 0;
		};
/* End PBXShellScriptBuildPhase section */

/* Begin PBXSourcesBuildPhase section */
		752A05521E9DC9E100962290 /* Sources */ = {
			isa = PBXSourcesBuildPhase;
			buildActionMask = 2147483647;
			files = (
				752A055C1E9DC9E100962290 /* ViewController.swift in Sources */,
				752328681EA23C7700A02BF0 /* UserViewController.swift in Sources */,
				752A055A1E9DC9E100962290 /* AppDelegate.swift in Sources */,
				752A05621E9DC9E100962290 /* OurCommunity.xcdatamodeld in Sources */,
				75BAA3661E9FCCA900F82378 /* Helper.swift in Sources */,
			);
			runOnlyForDeploymentPostprocessing = 0;
		};
/* End PBXSourcesBuildPhase section */

/* Begin PBXVariantGroup section */
		752A055D1E9DC9E100962290 /* Main.storyboard */ = {
			isa = PBXVariantGroup;
			children = (
				752A055E1E9DC9E100962290 /* Base */,
			);
			name = Main.storyboard;
			sourceTree = "<group>";
		};
		752A05651E9DC9E100962290 /* LaunchScreen.storyboard */ = {
			isa = PBXVariantGroup;
			children = (
				752A05661E9DC9E100962290 /* Base */,
			);
			name = LaunchScreen.storyboard;
			sourceTree = "<group>";
		};
/* End PBXVariantGroup section */

/* Begin XCBuildConfiguration section */
		752A05691E9DC9E100962290 /* Debug */ = {
			isa = XCBuildConfiguration;
			buildSettings = {
				ALWAYS_SEARCH_USER_PATHS = NO;
				CLANG_ANALYZER_NONNULL = YES;
				CLANG_CXX_LANGUAGE_STANDARD = "gnu++0x";
				CLANG_CXX_LIBRARY = "libc++";
				CLANG_ENABLE_MODULES = YES;
				CLANG_ENABLE_OBJC_ARC = YES;
				CLANG_WARN_BOOL_CONVERSION = YES;
				CLANG_WARN_CONSTANT_CONVERSION = YES;
				CLANG_WARN_DIRECT_OBJC_ISA_USAGE = YES_ERROR;
				CLANG_WARN_DOCUMENTATION_COMMENTS = YES;
				CLANG_WARN_EMPTY_BODY = YES;
				CLANG_WARN_ENUM_CONVERSION = YES;
				CLANG_WARN_INFINITE_RECURSION = YES;
				CLANG_WARN_INT_CONVERSION = YES;
				CLANG_WARN_OBJC_ROOT_CLASS = YES_ERROR;
				CLANG_WARN_SUSPICIOUS_MOVE = YES;
				CLANG_WARN_UNREACHABLE_CODE = YES;
				CLANG_WARN__DUPLICATE_METHOD_MATCH = YES;
				"CODE_SIGN_IDENTITY[sdk=*]" = "";
				"CODE_SIGN_IDENTITY[sdk=iphoneos*]" = "Apple Development IOS Push Services: com.tokkalo.OurCommunity";
				COPY_PHASE_STRIP = NO;
				DEBUG_INFORMATION_FORMAT = dwarf;
				ENABLE_STRICT_OBJC_MSGSEND = YES;
				ENABLE_TESTABILITY = YES;
				GCC_C_LANGUAGE_STANDARD = gnu99;
				GCC_DYNAMIC_NO_PIC = NO;
				GCC_NO_COMMON_BLOCKS = YES;
				GCC_OPTIMIZATION_LEVEL = 0;
				GCC_PREPROCESSOR_DEFINITIONS = (
					"DEBUG=1",
					"$(inherited)",
				);
				GCC_WARN_64_TO_32_BIT_CONVERSION = YES;
				GCC_WARN_ABOUT_RETURN_TYPE = YES_ERROR;
				GCC_WARN_UNDECLARED_SELECTOR = YES;
				GCC_WARN_UNINITIALIZED_AUTOS = YES_AGGRESSIVE;
				GCC_WARN_UNUSED_FUNCTION = YES;
				GCC_WARN_UNUSED_VARIABLE = YES;
				IPHONEOS_DEPLOYMENT_TARGET = 10.0;
				MTL_ENABLE_DEBUG_INFO = YES;
				ONLY_ACTIVE_ARCH = YES;
				SDKROOT = iphoneos;
				SWIFT_ACTIVE_COMPILATION_CONDITIONS = DEBUG;
				SWIFT_OPTIMIZATION_LEVEL = "-Onone";
			};
			name = Debug;
		};
		752A056A1E9DC9E100962290 /* Release */ = {
			isa = XCBuildConfiguration;
			buildSettings = {
				ALWAYS_SEARCH_USER_PATHS = NO;
				CLANG_ANALYZER_NONNULL = YES;
				CLANG_CXX_LANGUAGE_STANDARD = "gnu++0x";
				CLANG_CXX_LIBRARY = "libc++";
				CLANG_ENABLE_MODULES = YES;
				CLANG_ENABLE_OBJC_ARC = YES;
				CLANG_WARN_BOOL_CONVERSION = YES;
				CLANG_WARN_CONSTANT_CONVERSION = YES;
				CLANG_WARN_DIRECT_OBJC_ISA_USAGE = YES_ERROR;
				CLANG_WARN_DOCUMENTATION_COMMENTS = YES;
				CLANG_WARN_EMPTY_BODY = YES;
				CLANG_WARN_ENUM_CONVERSION = YES;
				CLANG_WARN_INFINITE_RECURSION = YES;
				CLANG_WARN_INT_CONVERSION = YES;
				CLANG_WARN_OBJC_ROOT_CLASS = YES_ERROR;
				CLANG_WARN_SUSPICIOUS_MOVE = YES;
				CLANG_WARN_UNREACHABLE_CODE = YES;
				CLANG_WARN__DUPLICATE_METHOD_MATCH = YES;
				"CODE_SIGN_IDENTITY[sdk=iphoneos*]" = "iPhone Distribution: Ramesh Kolamala (CD7MJQYH5P)";
				COPY_PHASE_STRIP = NO;
				DEBUG_INFORMATION_FORMAT = "dwarf-with-dsym";
				ENABLE_NS_ASSERTIONS = NO;
				ENABLE_STRICT_OBJC_MSGSEND = YES;
				GCC_C_LANGUAGE_STANDARD = gnu99;
				GCC_NO_COMMON_BLOCKS = YES;
				GCC_WARN_64_TO_32_BIT_CONVERSION = YES;
				GCC_WARN_ABOUT_RETURN_TYPE = YES_ERROR;
				GCC_WARN_UNDECLARED_SELECTOR = YES;
				GCC_WARN_UNINITIALIZED_AUTOS = YES_AGGRESSIVE;
				GCC_WARN_UNUSED_FUNCTION = YES;
				GCC_WARN_UNUSED_VARIABLE = YES;
				IPHONEOS_DEPLOYMENT_TARGET = 10.0;
				MTL_ENABLE_DEBUG_INFO = NO;
				SDKROOT = iphoneos;
				SWIFT_OPTIMIZATION_LEVEL = "-Owholemodule";
				VALIDATE_PRODUCT = YES;
			};
			name = Release;
		};
		752A056C1E9DC9E100962290 /* Debug */ = {
			isa = XCBuildConfiguration;
			baseConfigurationReference = 21294F023C7E16A93837404E /* Pods-OurCommunity.debug.xcconfig */;
			buildSettings = {
				ASSETCATALOG_COMPILER_APPICON_NAME = AppIcon;
				CLANG_ENABLE_MODULES = YES;
				CODE_SIGN_ENTITLEMENTS = OurCommunity/OurCommunity.entitlements;
				CODE_SIGN_IDENTITY = "iPhone Developer";
				"CODE_SIGN_IDENTITY[sdk=iphoneos*]" = "iPhone Developer";
				DEVELOPMENT_TEAM = "";
				FRAMEWORK_SEARCH_PATHS = (
					"$(inherited)",
					"$(PROJECT_DIR)",
				);
				INFOPLIST_FILE = OurCommunity/Info.plist;
				IPHONEOS_DEPLOYMENT_TARGET = 10.0;
				LD_RUNPATH_SEARCH_PATHS = "$(inherited) @executable_path/Frameworks";
				PRODUCT_BUNDLE_IDENTIFIER = com.tokkalo.OurCommunity;
				PRODUCT_NAME = "$(TARGET_NAME)";
				PROVISIONING_PROFILE_SPECIFIER = "";
				SWIFT_OBJC_BRIDGING_HEADER = "OurCommunity/OurCommunity-Bridging-Header.h";
				SWIFT_OPTIMIZATION_LEVEL = "-Onone";
				SWIFT_VERSION = 3.0;
			};
			name = Debug;
		};
		752A056D1E9DC9E100962290 /* Release */ = {
			isa = XCBuildConfiguration;
			baseConfigurationReference = F4F800D3635E91481784309C /* Pods-OurCommunity.release.xcconfig */;
			buildSettings = {
				ASSETCATALOG_COMPILER_APPICON_NAME = AppIcon;
				CLANG_ENABLE_MODULES = YES;
				CODE_SIGN_ENTITLEMENTS = OurCommunity/OurCommunity.entitlements;
				CODE_SIGN_IDENTITY = "iPhone Developer";
				"CODE_SIGN_IDENTITY[sdk=iphoneos*]" = "iPhone Developer";
				DEVELOPMENT_TEAM = "";
				FRAMEWORK_SEARCH_PATHS = (
					"$(inherited)",
					"$(PROJECT_DIR)",
				);
				INFOPLIST_FILE = OurCommunity/Info.plist;
				IPHONEOS_DEPLOYMENT_TARGET = 10.0;
				LD_RUNPATH_SEARCH_PATHS = "$(inherited) @executable_path/Frameworks";
				PRODUCT_BUNDLE_IDENTIFIER = com.tokkalo.OurCommunity;
				PRODUCT_NAME = "$(TARGET_NAME)";
				PROVISIONING_PROFILE_SPECIFIER = "";
				SWIFT_OBJC_BRIDGING_HEADER = "OurCommunity/OurCommunity-Bridging-Header.h";
				SWIFT_VERSION = 3.0;
			};
			name = Release;
		};
/* End XCBuildConfiguration section */

/* Begin XCConfigurationList section */
		752A05511E9DC9E100962290 /* Build configuration list for PBXProject "OurCommunity" */ = {
			isa = XCConfigurationList;
			buildConfigurations = (
				752A05691E9DC9E100962290 /* Debug */,
				752A056A1E9DC9E100962290 /* Release */,
			);
			defaultConfigurationIsVisible = 0;
			defaultConfigurationName = Release;
		};
		752A056B1E9DC9E100962290 /* Build configuration list for PBXNativeTarget "OurCommunity" */ = {
			isa = XCConfigurationList;
			buildConfigurations = (
				752A056C1E9DC9E100962290 /* Debug */,
				752A056D1E9DC9E100962290 /* Release */,
			);
			defaultConfigurationIsVisible = 0;
			defaultConfigurationName = Release;
		};
/* End XCConfigurationList section */

/* Begin XCVersionGroup section */
		752A05601E9DC9E100962290 /* OurCommunity.xcdatamodeld */ = {
			isa = XCVersionGroup;
			children = (
				752A05611E9DC9E100962290 /* OurCommunity.xcdatamodel */,
			);
			currentVersion = 752A05611E9DC9E100962290 /* OurCommunity.xcdatamodel */;
			path = OurCommunity.xcdatamodeld;
			sourceTree = "<group>";
			versionGroupType = wrapper.xcdatamodel;
		};
/* End XCVersionGroup section */
	};
	rootObject = 752A054E1E9DC9E100962290 /* Project object */;
}
